PODS:
  - Bugsnag (6.16.4)
  - RudderBugsnag (1.0.0):
    - Bugsnag (= 6.16.4)
    - RudderStack
  - RudderStack (1.0.0-beta.3)

DEPENDENCIES:
  - Bugsnag (= 6.16.4)
  - RudderBugsnag (from `.`)
  - RudderStack (from `~/Documents/Rudder/RudderStack-Swift/`)

SPEC REPOS:
  trunk:
    - Bugsnag

EXTERNAL SOURCES:
  RudderBugsnag:
    :path: "."
  RudderStack:
    :path: "~/Documents/Rudder/RudderStack-Swift/"

SPEC CHECKSUMS:
  Bugsnag: a9dd47687a0c45046abd9edc9fdf04822a8230b9
  RudderBugsnag: 5215a55bfc314eadc99c200911ea1c82fc08c6f8
  RudderStack: 7e120a03736b0021f56a504c0966b95ffa9f5bcb

PODFILE CHECKSUM: 4d8b23f5ae079a558067c2156ab674e0d93fe4e1

COCOAPODS: 1.11.2
