PODS:
  - Bugsnag (6.16.4)
  - Rudder (2.0.1)
  - RudderBugsnag (1.0.0):
    - Bugsnag (= 6.16.4)
    - Rudder (~> 2.0.0)

DEPENDENCIES:
  - Bugsnag (= 6.16.4)
  - Rudder
  - RudderBugsnag (from `.`)

SPEC REPOS:
  https://github.com/CocoaPods/Specs.git:
    - Bugsnag
    - Rudder

EXTERNAL SOURCES:
  RudderBugsnag:
    :path: "."

SPEC CHECKSUMS:
  Bugsnag: a9dd47687a0c45046abd9edc9fdf04822a8230b9
  Rudder: e16a7f96f253e1d9e290a1fe544570e4784fce68
  RudderBugsnag: e478c3a3d10224842632b7b1f9be8fe6392040b1

PODFILE CHECKSUM: c142faec654cb2a4f312f089b57e54263ddabaa1

COCOAPODS: 1.11.3
